
Microsoft Visual Studio Solution File, Format Version 12.00
# Visual Studio Version 16
VisualStudioVersion = 16.0.30204.135
MinimumVisualStudioVersion = 10.0.40219.1
Project("{FAE04EC0-301F-11D3-BF4B-00C04F79EFBC}") = "QuizApi", "QuizApi\QuizApi.csproj", "{D03BBFC9-CC1F-435E-9F19-5F9BB2906CCC}"
EndProject
Project("{FAE04EC0-301F-11D3-BF4B-00C04F79EFBC}") = "QuizApp", "QuizApp\QuizApp.csproj", "{CC8FE965-FA7A-4085-8D93-847B2BBCD7D4}"
EndProject
Global
	GlobalSection(SolutionConfigurationPlatforms) = preSolution
		Debug|Any CPU = Debug|Any CPU
		Release|Any CPU = Release|Any CPU
	EndGlobalSection
	GlobalSection(ProjectConfigurationPlatforms) = postSolution
		{D03BBFC9-CC1F-435E-9F19-5F9BB2906CCC}.Debug|Any CPU.ActiveCfg = Debug|Any CPU
		{D03BBFC9-CC1F-435E-9F19-5F9BB2906CCC}.Debug|Any CPU.Build.0 = Debug|Any CPU
		{D03BBFC9-CC1F-435E-9F19-5F9BB2906CCC}.Release|Any CPU.ActiveCfg = Release|Any CPU
		{D03BBFC9-CC1F-435E-9F19-5F9BB2906CCC}.Release|Any CPU.Build.0 = Release|Any CPU
		{CC8FE965-FA7A-4085-8D93-847B2BBCD7D4}.Debug|Any CPU.ActiveCfg = Debug|Any CPU
		{CC8FE965-FA7A-4085-8D93-847B2BBCD7D4}.Debug|Any CPU.Build.0 = Debug|Any CPU
		{CC8FE965-FA7A-4085-8D93-847B2BBCD7D4}.Release|Any CPU.ActiveCfg = Release|Any CPU
		{CC8FE965-FA7A-4085-8D93-847B2BBCD7D4}.Release|Any CPU.Build.0 = Release|Any CPU
	EndGlobalSection
	GlobalSection(SolutionProperties) = preSolution
		HideSolutionNode = FALSE
	EndGlobalSection
	GlobalSection(ExtensibilityGlobals) = postSolution
		SolutionGuid = {A5F3888E-72DA-460C-AC18-888AE02DCF29}
	EndGlobalSection
EndGlobal
